
Microsoft Visual Studio Solution File, Format Version 12.00
# Visual Studio Version 17
VisualStudioVersion = 17.0.31919.166
MinimumVisualStudioVersion = 10.0.40219.1
Project("{FAE04EC0-301F-11D3-BF4B-00C04F79EFBC}") = "simple game", "simple game\simple game.csproj", "{2A181EAB-6836-489C-9668-DAF908DAA3B5}"
EndProject
Global
	GlobalSection(SolutionConfigurationPlatforms) = preSolution
		Debug|Any CPU = Debug|Any CPU
		Release|Any CPU = Release|Any CPU
	EndGlobalSection
	GlobalSection(ProjectConfigurationPlatforms) = postSolution
		{2A181EAB-6836-489C-9668-DAF908DAA3B5}.Debug|Any CPU.ActiveCfg = Debug|Any CPU
		{2A181EAB-6836-489C-9668-DAF908DAA3B5}.Debug|Any CPU.Build.0 = Debug|Any CPU
		{2A181EAB-6836-489C-9668-DAF908DAA3B5}.Release|Any CPU.ActiveCfg = Release|Any CPU
		{2A181EAB-6836-489C-9668-DAF908DAA3B5}.Release|Any CPU.Build.0 = Release|Any CPU
	EndGlobalSection
	GlobalSection(SolutionProperties) = preSolution
		HideSolutionNode = FALSE
	EndGlobalSection
	GlobalSection(ExtensibilityGlobals) = postSolution
		SolutionGuid = {CF5ED9F5-FD26-4993-B4C3-499549ACDBFE}
	EndGlobalSection
EndGlobal
